// !$*UTF8*$!
{
	archiveVersion = 1;
	classes = {
	};
	objectVersion = 56;
	objects = {

/* Begin PBXBuildFile section */
		981F5D0A29970A1200A11B94 /* LocationDetailsViewController.swift in Sources */ = {isa = PBXBuildFile; fileRef = 981F5D0929970A1200A11B94 /* LocationDetailsViewController.swift */; };
		984D778F29973C4A00A6E5B9 /* CategoryPickerViewController.swift in Sources */ = {isa = PBXBuildFile; fileRef = 984D778E29973C4A00A6E5B9 /* CategoryPickerViewController.swift */; };
		98555B462999CDDD00C77B73 /* HUDView.swift in Sources */ = {isa = PBXBuildFile; fileRef = 98555B452999CDDD00C77B73 /* HUDView.swift */; };
		98555B482999E5C900C77B73 /* Functions.swift in Sources */ = {isa = PBXBuildFile; fileRef = 98555B472999E5C900C77B73 /* Functions.swift */; };
		98D51EDC2995AD2600953A80 /* AppDelegate.swift in Sources */ = {isa = PBXBuildFile; fileRef = 98D51EDB2995AD2600953A80 /* AppDelegate.swift */; };
		98D51EDE2995AD2600953A80 /* SceneDelegate.swift in Sources */ = {isa = PBXBuildFile; fileRef = 98D51EDD2995AD2600953A80 /* SceneDelegate.swift */; };
		98D51EE02995AD2600953A80 /* CurrentLocationViewController.swift in Sources */ = {isa = PBXBuildFile; fileRef = 98D51EDF2995AD2600953A80 /* CurrentLocationViewController.swift */; };
		98D51EE32995AD2600953A80 /* Main.storyboard in Resources */ = {isa = PBXBuildFile; fileRef = 98D51EE12995AD2600953A80 /* Main.storyboard */; };
		98D51EE62995AD2700953A80 /* MyLocations.xcdatamodeld in Sources */ = {isa = PBXBuildFile; fileRef = 98D51EE42995AD2700953A80 /* MyLocations.xcdatamodeld */; };
		98D51EE82995AD2C00953A80 /* Assets.xcassets in Resources */ = {isa = PBXBuildFile; fileRef = 98D51EE72995AD2C00953A80 /* Assets.xcassets */; };
		98D51EEB2995AD2C00953A80 /* LaunchScreen.storyboard in Resources */ = {isa = PBXBuildFile; fileRef = 98D51EE92995AD2C00953A80 /* LaunchScreen.storyboard */; };
/* End PBXBuildFile section */

/* Begin PBXFileReference section */
		981F5D0929970A1200A11B94 /* LocationDetailsViewController.swift */ = {isa = PBXFileReference; lastKnownFileType = sourcecode.swift; path = LocationDetailsViewController.swift; sourceTree = "<group>"; };
		984D778E29973C4A00A6E5B9 /* CategoryPickerViewController.swift */ = {isa = PBXFileReference; lastKnownFileType = sourcecode.swift; path = CategoryPickerViewController.swift; sourceTree = "<group>"; };
		98555B452999CDDD00C77B73 /* HUDView.swift */ = {isa = PBXFileReference; lastKnownFileType = sourcecode.swift; path = HUDView.swift; sourceTree = "<group>"; };
		98555B472999E5C900C77B73 /* Functions.swift */ = {isa = PBXFileReference; lastKnownFileType = sourcecode.swift; path = Functions.swift; sourceTree = "<group>"; };
		98D51ED82995AD2600953A80 /* MyLocations.app */ = {isa = PBXFileReference; explicitFileType = wrapper.application; includeInIndex = 0; path = MyLocations.app; sourceTree = BUILT_PRODUCTS_DIR; };
		98D51EDB2995AD2600953A80 /* AppDelegate.swift */ = {isa = PBXFileReference; lastKnownFileType = sourcecode.swift; path = AppDelegate.swift; sourceTree = "<group>"; };
		98D51EDD2995AD2600953A80 /* SceneDelegate.swift */ = {isa = PBXFileReference; lastKnownFileType = sourcecode.swift; path = SceneDelegate.swift; sourceTree = "<group>"; };
		98D51EDF2995AD2600953A80 /* CurrentLocationViewController.swift */ = {isa = PBXFileReference; lastKnownFileType = sourcecode.swift; path = CurrentLocationViewController.swift; sourceTree = "<group>"; };
		98D51EE22995AD2600953A80 /* Base */ = {isa = PBXFileReference; lastKnownFileType = file.storyboard; name = Base; path = Base.lproj/Main.storyboard; sourceTree = "<group>"; };
		98D51EE52995AD2700953A80 /* MyLocations.xcdatamodel */ = {isa = PBXFileReference; lastKnownFileType = wrapper.xcdatamodel; path = MyLocations.xcdatamodel; sourceTree = "<group>"; };
		98D51EE72995AD2C00953A80 /* Assets.xcassets */ = {isa = PBXFileReference; lastKnownFileType = folder.assetcatalog; path = Assets.xcassets; sourceTree = "<group>"; };
		98D51EEA2995AD2C00953A80 /* Base */ = {isa = PBXFileReference; lastKnownFileType = file.storyboard; name = Base; path = Base.lproj/LaunchScreen.storyboard; sourceTree = "<group>"; };
		98D51EEC2995AD2C00953A80 /* Info.plist */ = {isa = PBXFileReference; lastKnownFileType = text.plist.xml; path = Info.plist; sourceTree = "<group>"; };
/* End PBXFileReference section */

/* Begin PBXFrameworksBuildPhase section */
		98D51ED52995AD2600953A80 /* Frameworks */ = {
			isa = PBXFrameworksBuildPhase;
			buildActionMask = 2147483647;
			files = (
			);
			runOnlyForDeploymentPostprocessing = 0;
		};
/* End PBXFrameworksBuildPhase section */

/* Begin PBXGroup section */
		98D51ECF2995AD2600953A80 = {
			isa = PBXGroup;
			children = (
				98D51EDA2995AD2600953A80 /* MyLocations */,
				98D51ED92995AD2600953A80 /* Products */,
			);
			sourceTree = "<group>";
		};
		98D51ED92995AD2600953A80 /* Products */ = {
			isa = PBXGroup;
			children = (
				98D51ED82995AD2600953A80 /* MyLocations.app */,
			);
			name = Products;
			sourceTree = "<group>";
		};
		98D51EDA2995AD2600953A80 /* MyLocations */ = {
			isa = PBXGroup;
			children = (
				98D51EDB2995AD2600953A80 /* AppDelegate.swift */,
				98D51EE72995AD2C00953A80 /* Assets.xcassets */,
				984D778E29973C4A00A6E5B9 /* CategoryPickerViewController.swift */,
				98D51EDF2995AD2600953A80 /* CurrentLocationViewController.swift */,
				98555B472999E5C900C77B73 /* Functions.swift */,
				98555B452999CDDD00C77B73 /* HUDView.swift */,
				98D51EEC2995AD2C00953A80 /* Info.plist */,
				98D51EE92995AD2C00953A80 /* LaunchScreen.storyboard */,
				981F5D0929970A1200A11B94 /* LocationDetailsViewController.swift */,
				98D51EE12995AD2600953A80 /* Main.storyboard */,
				98D51EE42995AD2700953A80 /* MyLocations.xcdatamodeld */,
				98D51EDD2995AD2600953A80 /* SceneDelegate.swift */,
			);
			path = MyLocations;
			sourceTree = "<group>";
		};
/* End PBXGroup section */

/* Begin PBXNativeTarget section */
		98D51ED72995AD2600953A80 /* MyLocations */ = {
			isa = PBXNativeTarget;
			buildConfigurationList = 98D51EEF2995AD2C00953A80 /* Build configuration list for PBXNativeTarget "MyLocations" */;
			buildPhases = (
				98D51ED42995AD2600953A80 /* Sources */,
				98D51ED52995AD2600953A80 /* Frameworks */,
				98D51ED62995AD2600953A80 /* Resources */,
			);
			buildRules = (
			);
			dependencies = (
			);
			name = MyLocations;
			productName = MyLocations;
			productReference = 98D51ED82995AD2600953A80 /* MyLocations.app */;
			productType = "com.apple.product-type.application";
		};
/* End PBXNativeTarget section */

/* Begin PBXProject section */
		98D51ED02995AD2600953A80 /* Project object */ = {
			isa = PBXProject;
			attributes = {
				BuildIndependentTargetsInParallel = 1;
				LastSwiftUpdateCheck = 1420;
				LastUpgradeCheck = 1420;
				TargetAttributes = {
					98D51ED72995AD2600953A80 = {
						CreatedOnToolsVersion = 14.2;
					};
				};
			};
			buildConfigurationList = 98D51ED32995AD2600953A80 /* Build configuration list for PBXProject "MyLocations" */;
			compatibilityVersion = "Xcode 14.0";
			developmentRegion = en;
			hasScannedForEncodings = 0;
			knownRegions = (
				en,
				Base,
			);
			mainGroup = 98D51ECF2995AD2600953A80;
			productRefGroup = 98D51ED92995AD2600953A80 /* Products */;
			projectDirPath = "";
			projectRoot = "";
			targets = (
				98D51ED72995AD2600953A80 /* MyLocations */,
			);
		};
/* End PBXProject section */

/* Begin PBXResourcesBuildPhase section */
		98D51ED62995AD2600953A80 /* Resources */ = {
			isa = PBXResourcesBuildPhase;
			buildActionMask = 2147483647;
			files = (
				98D51EEB2995AD2C00953A80 /* LaunchScreen.storyboard in Resources */,
				98D51EE82995AD2C00953A80 /* Assets.xcassets in Resources */,
				98D51EE32995AD2600953A80 /* Main.storyboard in Resources */,
			);
			runOnlyForDeploymentPostprocessing = 0;
		};
/* End PBXResourcesBuildPhase section */

/* Begin PBXSourcesBuildPhase section */
		98D51ED42995AD2600953A80 /* Sources */ = {
			isa = PBXSourcesBuildPhase;
			buildActionMask = 2147483647;
			files = (
				98555B462999CDDD00C77B73 /* HUDView.swift in Sources */,
				984D778F29973C4A00A6E5B9 /* CategoryPickerViewController.swift in Sources */,
				98D51EE02995AD2600953A80 /* CurrentLocationViewController.swift in Sources */,
				98555B482999E5C900C77B73 /* Functions.swift in Sources */,
				98D51EDC2995AD2600953A80 /* AppDelegate.swift in Sources */,
				98D51EE62995AD2700953A80 /* MyLocations.xcdatamodeld in Sources */,
				98D51EDE2995AD2600953A80 /* SceneDelegate.swift in Sources */,
				981F5D0A29970A1200A11B94 /* LocationDetailsViewController.swift in Sources */,
			);
			runOnlyForDeploymentPostprocessing = 0;
		};
/* End PBXSourcesBuildPhase section */

/* Begin PBXVariantGroup section */
		98D51EE12995AD2600953A80 /* Main.storyboard */ = {
			isa = PBXVariantGroup;
			children = (
				98D51EE22995AD2600953A80 /* Base */,
			);
			name = Main.storyboard;
			sourceTree = "<group>";
		};
		98D51EE92995AD2C00953A80 /* LaunchScreen.storyboard */ = {
			isa = PBXVariantGroup;
			children = (
				98D51EEA2995AD2C00953A80 /* Base */,
			);
			name = LaunchScreen.storyboard;
			sourceTree = "<group>";
		};
/* End PBXVariantGroup section */

/* Begin XCBuildConfiguration section */
		98D51EED2995AD2C00953A80 /* Debug */ = {
			isa = XCBuildConfiguration;
			buildSettings = {
				ALWAYS_SEARCH_USER_PATHS = NO;
				CLANG_ANALYZER_NONNULL = YES;
				CLANG_ANALYZER_NUMBER_OBJECT_CONVERSION = YES_AGGRESSIVE;
				CLANG_CXX_LANGUAGE_STANDARD = "gnu++20";
				CLANG_ENABLE_MODULES = YES;
				CLANG_ENABLE_OBJC_ARC = YES;
				CLANG_ENABLE_OBJC_WEAK = YES;
				CLANG_WARN_BLOCK_CAPTURE_AUTORELEASING = YES;
				CLANG_WARN_BOOL_CONVERSION = YES;
				CLANG_WARN_COMMA = YES;
				CLANG_WARN_CONSTANT_CONVERSION = YES;
				CLANG_WARN_DEPRECATED_OBJC_IMPLEMENTATIONS = YES;
				CLANG_WARN_DIRECT_OBJC_ISA_USAGE = YES_ERROR;
				CLANG_WARN_DOCUMENTATION_COMMENTS = YES;
				CLANG_WARN_EMPTY_BODY = YES;
				CLANG_WARN_ENUM_CONVERSION = YES;
				CLANG_WARN_INFINITE_RECURSION = YES;
				CLANG_WARN_INT_CONVERSION = YES;
				CLANG_WARN_NON_LITERAL_NULL_CONVERSION = YES;
				CLANG_WARN_OBJC_IMPLICIT_RETAIN_SELF = YES;
				CLANG_WARN_OBJC_LITERAL_CONVERSION = YES;
				CLANG_WARN_OBJC_ROOT_CLASS = YES_ERROR;
				CLANG_WARN_QUOTED_INCLUDE_IN_FRAMEWORK_HEADER = YES;
				CLANG_WARN_RANGE_LOOP_ANALYSIS = YES;
				CLANG_WARN_STRICT_PROTOTYPES = YES;
				CLANG_WARN_SUSPICIOUS_MOVE = YES;
				CLANG_WARN_UNGUARDED_AVAILABILITY = YES_AGGRESSIVE;
				CLANG_WARN_UNREACHABLE_CODE = YES;
				CLANG_WARN__DUPLICATE_METHOD_MATCH = YES;
				COPY_PHASE_STRIP = NO;
				DEBUG_INFORMATION_FORMAT = dwarf;
				ENABLE_STRICT_OBJC_MSGSEND = YES;
				ENABLE_TESTABILITY = YES;
				GCC_C_LANGUAGE_STANDARD = gnu11;
				GCC_DYNAMIC_NO_PIC = NO;
				GCC_NO_COMMON_BLOCKS = YES;
				GCC_OPTIMIZATION_LEVEL = 0;
				GCC_PREPROCESSOR_DEFINITIONS = (
					"DEBUG=1",
					"$(inherited)",
				);
				GCC_WARN_64_TO_32_BIT_CONVERSION = YES;
				GCC_WARN_ABOUT_RETURN_TYPE = YES_ERROR;
				GCC_WARN_UNDECLARED_SELECTOR = YES;
				GCC_WARN_UNINITIALIZED_AUTOS = YES_AGGRESSIVE;
				GCC_WARN_UNUSED_FUNCTION = YES;
				GCC_WARN_UNUSED_VARIABLE = YES;
				IPHONEOS_DEPLOYMENT_TARGET = 15.2;
				MTL_ENABLE_DEBUG_INFO = INCLUDE_SOURCE;
				MTL_FAST_MATH = YES;
				ONLY_ACTIVE_ARCH = YES;
				SDKROOT = iphoneos;
				SWIFT_ACTIVE_COMPILATION_CONDITIONS = DEBUG;
				SWIFT_OPTIMIZATION_LEVEL = "-Onone";
			};
			name = Debug;
		};
		98D51EEE2995AD2C00953A80 /* Release */ = {
			isa = XCBuildConfiguration;
			buildSettings = {
				ALWAYS_SEARCH_USER_PATHS = NO;
				CLANG_ANALYZER_NONNULL = YES;
				CLANG_ANALYZER_NUMBER_OBJECT_CONVERSION = YES_AGGRESSIVE;
				CLANG_CXX_LANGUAGE_STANDARD = "gnu++20";
				CLANG_ENABLE_MODULES = YES;
				CLANG_ENABLE_OBJC_ARC = YES;
				CLANG_ENABLE_OBJC_WEAK = YES;
				CLANG_WARN_BLOCK_CAPTURE_AUTORELEASING = YES;
				CLANG_WARN_BOOL_CONVERSION = YES;
				CLANG_WARN_COMMA = YES;
				CLANG_WARN_CONSTANT_CONVERSION = YES;
				CLANG_WARN_DEPRECATED_OBJC_IMPLEMENTATIONS = YES;
				CLANG_WARN_DIRECT_OBJC_ISA_USAGE = YES_ERROR;
				CLANG_WARN_DOCUMENTATION_COMMENTS = YES;
				CLANG_WARN_EMPTY_BODY = YES;
				CLANG_WARN_ENUM_CONVERSION = YES;
				CLANG_WARN_INFINITE_RECURSION = YES;
				CLANG_WARN_INT_CONVERSION = YES;
				CLANG_WARN_NON_LITERAL_NULL_CONVERSION = YES;
				CLANG_WARN_OBJC_IMPLICIT_RETAIN_SELF = YES;
				CLANG_WARN_OBJC_LITERAL_CONVERSION = YES;
				CLANG_WARN_OBJC_ROOT_CLASS = YES_ERROR;
				CLANG_WARN_QUOTED_INCLUDE_IN_FRAMEWORK_HEADER = YES;
				CLANG_WARN_RANGE_LOOP_ANALYSIS = YES;
				CLANG_WARN_STRICT_PROTOTYPES = YES;
				CLANG_WARN_SUSPICIOUS_MOVE = YES;
				CLANG_WARN_UNGUARDED_AVAILABILITY = YES_AGGRESSIVE;
				CLANG_WARN_UNREACHABLE_CODE = YES;
				CLANG_WARN__DUPLICATE_METHOD_MATCH = YES;
				COPY_PHASE_STRIP = NO;
				DEBUG_INFORMATION_FORMAT = "dwarf-with-dsym";
				ENABLE_NS_ASSERTIONS = NO;
				ENABLE_STRICT_OBJC_MSGSEND = YES;
				GCC_C_LANGUAGE_STANDARD = gnu11;
				GCC_NO_COMMON_BLOCKS = YES;
				GCC_WARN_64_TO_32_BIT_CONVERSION = YES;
				GCC_WARN_ABOUT_RETURN_TYPE = YES_ERROR;
				GCC_WARN_UNDECLARED_SELECTOR = YES;
				GCC_WARN_UNINITIALIZED_AUTOS = YES_AGGRESSIVE;
				GCC_WARN_UNUSED_FUNCTION = YES;
				GCC_WARN_UNUSED_VARIABLE = YES;
				IPHONEOS_DEPLOYMENT_TARGET = 15.2;
				MTL_ENABLE_DEBUG_INFO = NO;
				MTL_FAST_MATH = YES;
				SDKROOT = iphoneos;
				SWIFT_COMPILATION_MODE = wholemodule;
				SWIFT_OPTIMIZATION_LEVEL = "-O";
				VALIDATE_PRODUCT = YES;
			};
			name = Release;
		};
		98D51EF02995AD2C00953A80 /* Debug */ = {
			isa = XCBuildConfiguration;
			buildSettings = {
				ASSETCATALOG_COMPILER_APPICON_NAME = AppIcon;
				ASSETCATALOG_COMPILER_GLOBAL_ACCENT_COLOR_NAME = AccentColor;
				CODE_SIGN_STYLE = Automatic;
				CURRENT_PROJECT_VERSION = 1;
				DEVELOPMENT_TEAM = 8U5J6FQNN2;
				GENERATE_INFOPLIST_FILE = YES;
				INFOPLIST_FILE = MyLocations/Info.plist;
				INFOPLIST_KEY_LSApplicationCategoryType = "";
				INFOPLIST_KEY_NSLocationWhenInUseUsageDescription = "This App lets you keep track of interesting places.  It needs access to the GPS Coordinates for your Location.";
				INFOPLIST_KEY_UIApplicationSupportsIndirectInputEvents = YES;
				INFOPLIST_KEY_UILaunchStoryboardName = LaunchScreen;
				INFOPLIST_KEY_UIMainStoryboardFile = Main;
				INFOPLIST_KEY_UIRequiredDeviceCapabilities = "location-services";
				INFOPLIST_KEY_UISupportedInterfaceOrientations = UIInterfaceOrientationPortrait;
				LD_RUNPATH_SEARCH_PATHS = (
					"$(inherited)",
					"@executable_path/Frameworks",
				);
				MARKETING_VERSION = 1.0;
				PRODUCT_BUNDLE_IDENTIFIER = "Nick--Fox--Borer.MyLocations";
				PRODUCT_NAME = "$(TARGET_NAME)";
				SWIFT_EMIT_LOC_STRINGS = YES;
				SWIFT_VERSION = 5.0;
				TARGETED_DEVICE_FAMILY = "1,2";
			};
			name = Debug;
		};
		98D51EF12995AD2C00953A80 /* Release */ = {
			isa = XCBuildConfiguration;
			buildSettings = {
				ASSETCATALOG_COMPILER_APPICON_NAME = AppIcon;
				ASSETCATALOG_COMPILER_GLOBAL_ACCENT_COLOR_NAME = AccentColor;
				CODE_SIGN_STYLE = Automatic;
				CURRENT_PROJECT_VERSION = 1;
				DEVELOPMENT_TEAM = 8U5J6FQNN2;
				GENERATE_INFOPLIST_FILE = YES;
				INFOPLIST_FILE = MyLocations/Info.plist;
				INFOPLIST_KEY_LSApplicationCategoryType = "";
				INFOPLIST_KEY_NSLocationWhenInUseUsageDescription = "This App lets you keep track of interesting places.  It needs access to the GPS Coordinates for your Location.";
				INFOPLIST_KEY_UIApplicationSupportsIndirectInputEvents = YES;
				INFOPLIST_KEY_UILaunchStoryboardName = LaunchScreen;
				INFOPLIST_KEY_UIMainStoryboardFile = Main;
				INFOPLIST_KEY_UIRequiredDeviceCapabilities = "location-services";
				INFOPLIST_KEY_UISupportedInterfaceOrientations = UIInterfaceOrientationPortrait;
				LD_RUNPATH_SEARCH_PATHS = (
					"$(inherited)",
					"@executable_path/Frameworks",
				);
				MARKETING_VERSION = 1.0;
				PRODUCT_BUNDLE_IDENTIFIER = "Nick--Fox--Borer.MyLocations";
				PRODUCT_NAME = "$(TARGET_NAME)";
				SWIFT_EMIT_LOC_STRINGS = YES;
				SWIFT_VERSION = 5.0;
				TARGETED_DEVICE_FAMILY = "1,2";
			};
			name = Release;
		};
/* End XCBuildConfiguration section */

/* Begin XCConfigurationList section */
		98D51ED32995AD2600953A80 /* Build configuration list for PBXProject "MyLocations" */ = {
			isa = XCConfigurationList;
			buildConfigurations = (
				98D51EED2995AD2C00953A80 /* Debug */,
				98D51EEE2995AD2C00953A80 /* Release */,
			);
			defaultConfigurationIsVisible = 0;
			defaultConfigurationName = Release;
		};
		98D51EEF2995AD2C00953A80 /* Build configuration list for PBXNativeTarget "MyLocations" */ = {
			isa = XCConfigurationList;
			buildConfigurations = (
				98D51EF02995AD2C00953A80 /* Debug */,
				98D51EF12995AD2C00953A80 /* Release */,
			);
			defaultConfigurationIsVisible = 0;
			defaultConfigurationName = Release;
		};
/* End XCConfigurationList section */

/* Begin XCVersionGroup section */
		98D51EE42995AD2700953A80 /* MyLocations.xcdatamodeld */ = {
			isa = XCVersionGroup;
			children = (
				98D51EE52995AD2700953A80 /* MyLocations.xcdatamodel */,
			);
			currentVersion = 98D51EE52995AD2700953A80 /* MyLocations.xcdatamodel */;
			path = MyLocations.xcdatamodeld;
			sourceTree = "<group>";
			versionGroupType = wrapper.xcdatamodel;
		};
/* End XCVersionGroup section */
	};
	rootObject = 98D51ED02995AD2600953A80 /* Project object */;
}
